{
  "name": "lunatic-core",
  "version": "1.0.0",
  "lockfileVersion": 1,
  "requires": true,
  "dependencies": {
    "concat-with-sourcemaps": {
      "version": "1.0.5",
      "resolved": "https://registry.npmjs.org/concat-with-sourcemaps/-/concat-with-sourcemaps-1.0.5.tgz",
      "integrity": "sha512-YtnS0VEY+e2Khzsey/6mra9EoM6h/5gxaC0e3mcHpA5yfDxafhygytNmcJWodvUgyXzSiL5MSkPO6bQGgfliHw==",
      "dev": true,
      "requires": {
        "source-map": "0.6.1"
      }
    },
    "node-watch": {
      "version": "0.5.5",
      "resolved": "https://registry.npmjs.org/node-watch/-/node-watch-0.5.5.tgz",
      "integrity": "sha512-z9xN2ibI6P0UylFadN7oMcIMsoTeCENC0rZyRM5MVK9AqzSPx+uGqKG6KMPeC/laOV4wOGZq/GH0PTstRNSqOA==",
      "dev": true
    },
    "source-map": {
      "version": "0.6.1",
      "resolved": "https://registry.npmjs.org/source-map/-/source-map-0.6.1.tgz",
      "integrity": "sha512-UjgapumWlbMhkBgzT7Ykc5YXUT46F0iKu8SGXq0bcwP5dz/h0Plj6enJqjz1Zbq2l5WaqYnrVbwWOWMyF3F47g==",
      "dev": true
    }
  }
}
